// !$*UTF8*$!
{
	archiveVersion = 1;
	classes = {
	};
	objectVersion = 77;
	objects = {

/* Begin PBXBuildFile section */
		474288672EAF5CBB000940A5 /* JournalStore.swift in Sources */ = {isa = PBXBuildFile; fileRef = 474288622EAF5C08000940A5 /* JournalStore.swift */; };
		474288682EAF5CC4000940A5 /* ContentView.swift in Sources */ = {isa = PBXBuildFile; fileRef = 474288632EAF5C21000940A5 /* ContentView.swift */; };
		474288692EAF5D10000940A5 /* EmptyStateView.swift in Sources */ = {isa = PBXBuildFile; fileRef = 474288642EAF5C31000940A5 /* EmptyStateView.swift */; };
		4742886A2EAF5D15000940A5 /* mainpage.swift in Sources */ = {isa = PBXBuildFile; fileRef = 474288652EAF5C3F000940A5 /* mainpage.swift */; };
		4742886B2EAF5D1A000940A5 /* JournalEditorSheet.swift in Sources */ = {isa = PBXBuildFile; fileRef = 474288662EAF5C4D000940A5 /* JournalEditorSheet.swift */; };
		476444342EAF5F9D001483F0 /* JournalEntry.swift in Sources */ = {isa = PBXBuildFile; fileRef = 474288612EAF5BF5000940A5 /* JournalEntry.swift */; };
/* End PBXBuildFile section */

/* Begin PBXContainerItemProxy section */
		47A5DB722EA60BA600DB3F68 /* PBXContainerItemProxy */ = {
			isa = PBXContainerItemProxy;
			containerPortal = 47A5DB5C2EA60BA600DB3F68 /* Project object */;
			proxyType = 1;
			remoteGlobalIDString = 47A5DB632EA60BA600DB3F68;
			remoteInfo = JournalApp;
		};
		47A5DB7C2EA60BA600DB3F68 /* PBXContainerItemProxy */ = {
			isa = PBXContainerItemProxy;
			containerPortal = 47A5DB5C2EA60BA600DB3F68 /* Project object */;
			proxyType = 1;
			remoteGlobalIDString = 47A5DB632EA60BA600DB3F68;
			remoteInfo = JournalApp;
		};
/* End PBXContainerItemProxy section */

/* Begin PBXFileReference section */
		474288612EAF5BF5000940A5 /* JournalEntry.swift */ = {isa = PBXFileReference; lastKnownFileType = sourcecode.swift; name = JournalEntry.swift; path = model/JournalEntry.swift; sourceTree = SOURCE_ROOT; };
		474288622EAF5C08000940A5 /* JournalStore.swift */ = {isa = PBXFileReference; lastKnownFileType = sourcecode.swift; name = JournalStore.swift; path = viewmodel/JournalStore.swift; sourceTree = SOURCE_ROOT; };
		474288632EAF5C21000940A5 /* ContentView.swift */ = {isa = PBXFileReference; lastKnownFileType = sourcecode.swift; name = ContentView.swift; path = views/ContentView.swift; sourceTree = SOURCE_ROOT; };
		474288642EAF5C31000940A5 /* EmptyStateView.swift */ = {isa = PBXFileReference; lastKnownFileType = sourcecode.swift; name = EmptyStateView.swift; path = views/EmptyStateView.swift; sourceTree = SOURCE_ROOT; };
		474288652EAF5C3F000940A5 /* mainpage.swift */ = {isa = PBXFileReference; lastKnownFileType = sourcecode.swift; name = mainpage.swift; path = views/mainpage.swift; sourceTree = SOURCE_ROOT; };
		474288662EAF5C4D000940A5 /* JournalEditorSheet.swift */ = {isa = PBXFileReference; lastKnownFileType = sourcecode.swift; name = JournalEditorSheet.swift; path = views/JournalEditorSheet.swift; sourceTree = SOURCE_ROOT; };
		47A5DB642EA60BA600DB3F68 /* JournalApp.app */ = {isa = PBXFileReference; explicitFileType = wrapper.application; includeInIndex = 0; path = JournalApp.app; sourceTree = BUILT_PRODUCTS_DIR; };
		47A5DB712EA60BA600DB3F68 /* JournalAppTests.xctest */ = {isa = PBXFileReference; explicitFileType = wrapper.cfbundle; includeInIndex = 0; path = JournalAppTests.xctest; sourceTree = BUILT_PRODUCTS_DIR; };
		47A5DB7B2EA60BA600DB3F68 /* JournalAppUITests.xctest */ = {isa = PBXFileReference; explicitFileType = wrapper.cfbundle; includeInIndex = 0; path = JournalAppUITests.xctest; sourceTree = BUILT_PRODUCTS_DIR; };
/* End PBXFileReference section */

/* Begin PBXFileSystemSynchronizedRootGroup section */
		47A5DB662EA60BA600DB3F68 /* App */ = {
			isa = PBXFileSystemSynchronizedRootGroup;
			path = App;
			sourceTree = "<group>";
		};
		47A5DB742EA60BA600DB3F68 /* JournalAppTests */ = {
			isa = PBXFileSystemSynchronizedRootGroup;
			path = JournalAppTests;
			sourceTree = "<group>";
		};
		47A5DB7E2EA60BA600DB3F68 /* JournalAppUITests */ = {
			isa = PBXFileSystemSynchronizedRootGroup;
			path = JournalAppUITests;
			sourceTree = "<group>";
		};
/* End PBXFileSystemSynchronizedRootGroup section */

/* Begin PBXFrameworksBuildPhase section */
		47A5DB612EA60BA600DB3F68 /* Frameworks */ = {
			isa = PBXFrameworksBuildPhase;
			buildActionMask = 2147483647;
			files = (
			);
			runOnlyForDeploymentPostprocessing = 0;
		};
		47A5DB6E2EA60BA600DB3F68 /* Frameworks */ = {
			isa = PBXFrameworksBuildPhase;
			buildActionMask = 2147483647;
			files = (
			);
			runOnlyForDeploymentPostprocessing = 0;
		};
		47A5DB782EA60BA600DB3F68 /* Frameworks */ = {
			isa = PBXFrameworksBuildPhase;
			buildActionMask = 2147483647;
			files = (
			);
			runOnlyForDeploymentPostprocessing = 0;
		};
/* End PBXFrameworksBuildPhase section */

/* Begin PBXGroup section */
		4742885F2EAF5BCB000940A5 /* viewmodel */ = {
			isa = PBXGroup;
			children = (
				474288622EAF5C08000940A5 /* JournalStore.swift */,
			);
			path = viewmodel;
			sourceTree = "<group>";
		};
		474288602EAF5BD5000940A5 /* views */ = {
			isa = PBXGroup;
			children = (
				474288662EAF5C4D000940A5 /* JournalEditorSheet.swift */,
				474288652EAF5C3F000940A5 /* mainpage.swift */,
				474288642EAF5C31000940A5 /* EmptyStateView.swift */,
				474288632EAF5C21000940A5 /* ContentView.swift */,
			);
			path = views;
			sourceTree = "<group>";
		};
		47A5DB5B2EA60BA600DB3F68 = {
			isa = PBXGroup;
			children = (
				474288602EAF5BD5000940A5 /* views */,
				4742885F2EAF5BCB000940A5 /* viewmodel */,
				47D2B3F82EAF5B9D0037BAF0 /* model */,
				47A5DB662EA60BA600DB3F68 /* App */,
				47A5DB742EA60BA600DB3F68 /* JournalAppTests */,
				47A5DB7E2EA60BA600DB3F68 /* JournalAppUITests */,
				47A5DB652EA60BA600DB3F68 /* Products */,
			);
			sourceTree = "<group>";
		};
		47A5DB652EA60BA600DB3F68 /* Products */ = {
			isa = PBXGroup;
			children = (
				47A5DB642EA60BA600DB3F68 /* JournalApp.app */,
				47A5DB712EA60BA600DB3F68 /* JournalAppTests.xctest */,
				47A5DB7B2EA60BA600DB3F68 /* JournalAppUITests.xctest */,
			);
			name = Products;
			sourceTree = "<group>";
		};
		47D2B3F82EAF5B9D0037BAF0 /* model */ = {
			isa = PBXGroup;
			children = (
				474288612EAF5BF5000940A5 /* JournalEntry.swift */,
			);
			path = model;
			sourceTree = "<group>";
		};
/* End PBXGroup section */

/* Begin PBXNativeTarget section */
		47A5DB632EA60BA600DB3F68 /* JournalApp */ = {
			isa = PBXNativeTarget;
			buildConfigurationList = 47A5DB852EA60BA600DB3F68 /* Build configuration list for PBXNativeTarget "JournalApp" */;
			buildPhases = (
				47A5DB602EA60BA600DB3F68 /* Sources */,
				47A5DB612EA60BA600DB3F68 /* Frameworks */,
				47A5DB622EA60BA600DB3F68 /* Resources */,
			);
			buildRules = (
			);
			dependencies = (
			);
			fileSystemSynchronizedGroups = (
				47A5DB662EA60BA600DB3F68 /* App */,
			);
			name = JournalApp;
			packageProductDependencies = (
			);
			productName = JournalApp;
			productReference = 47A5DB642EA60BA600DB3F68 /* JournalApp.app */;
			productType = "com.apple.product-type.application";
		};
		47A5DB702EA60BA600DB3F68 /* JournalAppTests */ = {
			isa = PBXNativeTarget;
			buildConfigurationList = 47A5DB882EA60BA600DB3F68 /* Build configuration list for PBXNativeTarget "JournalAppTests" */;
			buildPhases = (
				47A5DB6D2EA60BA600DB3F68 /* Sources */,
				47A5DB6E2EA60BA600DB3F68 /* Frameworks */,
				47A5DB6F2EA60BA600DB3F68 /* Resources */,
			);
			buildRules = (
			);
			dependencies = (
				47A5DB732EA60BA600DB3F68 /* PBXTargetDependency */,
			);
			fileSystemSynchronizedGroups = (
				47A5DB742EA60BA600DB3F68 /* JournalAppTests */,
			);
			name = JournalAppTests;
			packageProductDependencies = (
			);
			productName = JournalAppTests;
			productReference = 47A5DB712EA60BA600DB3F68 /* JournalAppTests.xctest */;
			productType = "com.apple.product-type.bundle.unit-test";
		};
		47A5DB7A2EA60BA600DB3F68 /* JournalAppUITests */ = {
			isa = PBXNativeTarget;
			buildConfigurationList = 47A5DB8B2EA60BA600DB3F68 /* Build configuration list for PBXNativeTarget "JournalAppUITests" */;
			buildPhases = (
				47A5DB772EA60BA600DB3F68 /* Sources */,
				47A5DB782EA60BA600DB3F68 /* Frameworks */,
				47A5DB792EA60BA600DB3F68 /* Resources */,
			);
			buildRules = (
			);
			dependencies = (
				47A5DB7D2EA60BA600DB3F68 /* PBXTargetDependency */,
			);
			fileSystemSynchronizedGroups = (
				47A5DB7E2EA60BA600DB3F68 /* JournalAppUITests */,
			);
			name = JournalAppUITests;
			packageProductDependencies = (
			);
			productName = JournalAppUITests;
			productReference = 47A5DB7B2EA60BA600DB3F68 /* JournalAppUITests.xctest */;
			productType = "com.apple.product-type.bundle.ui-testing";
		};
/* End PBXNativeTarget section */

/* Begin PBXProject section */
		47A5DB5C2EA60BA600DB3F68 /* Project object */ = {
			isa = PBXProject;
			attributes = {
				BuildIndependentTargetsInParallel = 1;
				LastSwiftUpdateCheck = 2600;
				LastUpgradeCheck = 2600;
				TargetAttributes = {
					47A5DB632EA60BA600DB3F68 = {
						CreatedOnToolsVersion = 26.0.1;
					};
					47A5DB702EA60BA600DB3F68 = {
						CreatedOnToolsVersion = 26.0.1;
						TestTargetID = 47A5DB632EA60BA600DB3F68;
					};
					47A5DB7A2EA60BA600DB3F68 = {
						CreatedOnToolsVersion = 26.0.1;
						TestTargetID = 47A5DB632EA60BA600DB3F68;
					};
				};
			};
			buildConfigurationList = 47A5DB5F2EA60BA600DB3F68 /* Build configuration list for PBXProject "JournalApp" */;
			developmentRegion = en;
			hasScannedForEncodings = 0;
			knownRegions = (
				en,
				Base,
			);
			mainGroup = 47A5DB5B2EA60BA600DB3F68;
			minimizedProjectReferenceProxies = 1;
			preferredProjectObjectVersion = 77;
			productRefGroup = 47A5DB652EA60BA600DB3F68 /* Products */;
			projectDirPath = "";
			projectRoot = "";
			targets = (
				47A5DB632EA60BA600DB3F68 /* JournalApp */,
				47A5DB702EA60BA600DB3F68 /* JournalAppTests */,
				47A5DB7A2EA60BA600DB3F68 /* JournalAppUITests */,
			);
		};
/* End PBXProject section */

/* Begin PBXResourcesBuildPhase section */
		47A5DB622EA60BA600DB3F68 /* Resources */ = {
			isa = PBXResourcesBuildPhase;
			buildActionMask = 2147483647;
			files = (
			);
			runOnlyForDeploymentPostprocessing = 0;
		};
		47A5DB6F2EA60BA600DB3F68 /* Resources */ = {
			isa = PBXResourcesBuildPhase;
			buildActionMask = 2147483647;
			files = (
			);
			runOnlyForDeploymentPostprocessing = 0;
		};
		47A5DB792EA60BA600DB3F68 /* Resources */ = {
			isa = PBXResourcesBuildPhase;
			buildActionMask = 2147483647;
			files = (
			);
			runOnlyForDeploymentPostprocessing = 0;
		};
/* End PBXResourcesBuildPhase section */

/* Begin PBXSourcesBuildPhase section */
		47A5DB602EA60BA600DB3F68 /* Sources */ = {
			isa = PBXSourcesBuildPhase;
			buildActionMask = 2147483647;
			files = (
				4742886B2EAF5D1A000940A5 /* JournalEditorSheet.swift in Sources */,
				474288672EAF5CBB000940A5 /* JournalStore.swift in Sources */,
				474288692EAF5D10000940A5 /* EmptyStateView.swift in Sources */,
				4742886A2EAF5D15000940A5 /* mainpage.swift in Sources */,
				476444342EAF5F9D001483F0 /* JournalEntry.swift in Sources */,
				474288682EAF5CC4000940A5 /* ContentView.swift in Sources */,
			);
			runOnlyForDeploymentPostprocessing = 0;
		};
		47A5DB6D2EA60BA600DB3F68 /* Sources */ = {
			isa = PBXSourcesBuildPhase;
			buildActionMask = 2147483647;
			files = (
			);
			runOnlyForDeploymentPostprocessing = 0;
		};
		47A5DB772EA60BA600DB3F68 /* Sources */ = {
			isa = PBXSourcesBuildPhase;
			buildActionMask = 2147483647;
			files = (
			);
			runOnlyForDeploymentPostprocessing = 0;
		};
/* End PBXSourcesBuildPhase section */

/* Begin PBXTargetDependency section */
		47A5DB732EA60BA600DB3F68 /* PBXTargetDependency */ = {
			isa = PBXTargetDependency;
			target = 47A5DB632EA60BA600DB3F68 /* JournalApp */;
			targetProxy = 47A5DB722EA60BA600DB3F68 /* PBXContainerItemProxy */;
		};
		47A5DB7D2EA60BA600DB3F68 /* PBXTargetDependency */ = {
			isa = PBXTargetDependency;
			target = 47A5DB632EA60BA600DB3F68 /* JournalApp */;
			targetProxy = 47A5DB7C2EA60BA600DB3F68 /* PBXContainerItemProxy */;
		};
/* End PBXTargetDependency section */

/* Begin XCBuildConfiguration section */
		47A5DB832EA60BA600DB3F68 /* Debug */ = {
			isa = XCBuildConfiguration;
			buildSettings = {
				ALWAYS_SEARCH_USER_PATHS = NO;
				ASSETCATALOG_COMPILER_GENERATE_SWIFT_ASSET_SYMBOL_EXTENSIONS = YES;
				CLANG_ANALYZER_NONNULL = YES;
				CLANG_ANALYZER_NUMBER_OBJECT_CONVERSION = YES_AGGRESSIVE;
				CLANG_CXX_LANGUAGE_STANDARD = "gnu++20";
				CLANG_ENABLE_MODULES = YES;
				CLANG_ENABLE_OBJC_ARC = YES;
				CLANG_ENABLE_OBJC_WEAK = YES;
				CLANG_WARN_BLOCK_CAPTURE_AUTORELEASING = YES;
				CLANG_WARN_BOOL_CONVERSION = YES;
				CLANG_WARN_COMMA = YES;
				CLANG_WARN_CONSTANT_CONVERSION = YES;
				CLANG_WARN_DEPRECATED_OBJC_IMPLEMENTATIONS = YES;
				CLANG_WARN_DIRECT_OBJC_ISA_USAGE = YES_ERROR;
				CLANG_WARN_DOCUMENTATION_COMMENTS = YES;
				CLANG_WARN_EMPTY_BODY = YES;
				CLANG_WARN_ENUM_CONVERSION = YES;
				CLANG_WARN_INFINITE_RECURSION = YES;
				CLANG_WARN_INT_CONVERSION = YES;
				CLANG_WARN_NON_LITERAL_NULL_CONVERSION = YES;
				CLANG_WARN_OBJC_IMPLICIT_RETAIN_SELF = YES;
				CLANG_WARN_OBJC_LITERAL_CONVERSION = YES;
				CLANG_WARN_OBJC_ROOT_CLASS = YES_ERROR;
				CLANG_WARN_QUOTED_INCLUDE_IN_FRAMEWORK_HEADER = YES;
				CLANG_WARN_RANGE_LOOP_ANALYSIS = YES;
				CLANG_WARN_STRICT_PROTOTYPES = YES;
				CLANG_WARN_SUSPICIOUS_MOVE = YES;
				CLANG_WARN_UNGUARDED_AVAILABILITY = YES_AGGRESSIVE;
				CLANG_WARN_UNREACHABLE_CODE = YES;
				CLANG_WARN__DUPLICATE_METHOD_MATCH = YES;
				COPY_PHASE_STRIP = NO;
				DEBUG_INFORMATION_FORMAT = dwarf;
				DEVELOPMENT_TEAM = B46HX4NMBJ;
				ENABLE_STRICT_OBJC_MSGSEND = YES;
				ENABLE_TESTABILITY = YES;
				ENABLE_USER_SCRIPT_SANDBOXING = YES;
				GCC_C_LANGUAGE_STANDARD = gnu17;
				GCC_DYNAMIC_NO_PIC = NO;
				GCC_NO_COMMON_BLOCKS = YES;
				GCC_OPTIMIZATION_LEVEL = 0;
				GCC_PREPROCESSOR_DEFINITIONS = (
					"DEBUG=1",
					"$(inherited)",
				);
				GCC_WARN_64_TO_32_BIT_CONVERSION = YES;
				GCC_WARN_ABOUT_RETURN_TYPE = YES_ERROR;
				GCC_WARN_UNDECLARED_SELECTOR = YES;
				GCC_WARN_UNINITIALIZED_AUTOS = YES_AGGRESSIVE;
				GCC_WARN_UNUSED_FUNCTION = YES;
				GCC_WARN_UNUSED_VARIABLE = YES;
				IPHONEOS_DEPLOYMENT_TARGET = 26.0;
				LOCALIZATION_PREFERS_STRING_CATALOGS = YES;
				MTL_ENABLE_DEBUG_INFO = INCLUDE_SOURCE;
				MTL_FAST_MATH = YES;
				ONLY_ACTIVE_ARCH = YES;
				SDKROOT = iphoneos;
				SWIFT_ACTIVE_COMPILATION_CONDITIONS = "DEBUG $(inherited)";
				SWIFT_OPTIMIZATION_LEVEL = "-Onone";
			};
			name = Debug;
		};
		47A5DB842EA60BA600DB3F68 /* Release */ = {
			isa = XCBuildConfiguration;
			buildSettings = {
				ALWAYS_SEARCH_USER_PATHS = NO;
				ASSETCATALOG_COMPILER_GENERATE_SWIFT_ASSET_SYMBOL_EXTENSIONS = YES;
				CLANG_ANALYZER_NONNULL = YES;
				CLANG_ANALYZER_NUMBER_OBJECT_CONVERSION = YES_AGGRESSIVE;
				CLANG_CXX_LANGUAGE_STANDARD = "gnu++20";
				CLANG_ENABLE_MODULES = YES;
				CLANG_ENABLE_OBJC_ARC = YES;
				CLANG_ENABLE_OBJC_WEAK = YES;
				CLANG_WARN_BLOCK_CAPTURE_AUTORELEASING = YES;
				CLANG_WARN_BOOL_CONVERSION = YES;
				CLANG_WARN_COMMA = YES;
				CLANG_WARN_CONSTANT_CONVERSION = YES;
				CLANG_WARN_DEPRECATED_OBJC_IMPLEMENTATIONS = YES;
				CLANG_WARN_DIRECT_OBJC_ISA_USAGE = YES_ERROR;
				CLANG_WARN_DOCUMENTATION_COMMENTS = YES;
				CLANG_WARN_EMPTY_BODY = YES;
				CLANG_WARN_ENUM_CONVERSION = YES;
				CLANG_WARN_INFINITE_RECURSION = YES;
				CLANG_WARN_INT_CONVERSION = YES;
				CLANG_WARN_NON_LITERAL_NULL_CONVERSION = YES;
				CLANG_WARN_OBJC_IMPLICIT_RETAIN_SELF = YES;
				CLANG_WARN_OBJC_LITERAL_CONVERSION = YES;
				CLANG_WARN_OBJC_ROOT_CLASS = YES_ERROR;
				CLANG_WARN_QUOTED_INCLUDE_IN_FRAMEWORK_HEADER = YES;
				CLANG_WARN_RANGE_LOOP_ANALYSIS = YES;
				CLANG_WARN_STRICT_PROTOTYPES = YES;
				CLANG_WARN_SUSPICIOUS_MOVE = YES;
				CLANG_WARN_UNGUARDED_AVAILABILITY = YES_AGGRESSIVE;
				CLANG_WARN_UNREACHABLE_CODE = YES;
				CLANG_WARN__DUPLICATE_METHOD_MATCH = YES;
				COPY_PHASE_STRIP = NO;
				DEBUG_INFORMATION_FORMAT = "dwarf-with-dsym";
				DEVELOPMENT_TEAM = B46HX4NMBJ;
				ENABLE_NS_ASSERTIONS = NO;
				ENABLE_STRICT_OBJC_MSGSEND = YES;
				ENABLE_USER_SCRIPT_SANDBOXING = YES;
				GCC_C_LANGUAGE_STANDARD = gnu17;
				GCC_NO_COMMON_BLOCKS = YES;
				GCC_WARN_64_TO_32_BIT_CONVERSION = YES;
				GCC_WARN_ABOUT_RETURN_TYPE = YES_ERROR;
				GCC_WARN_UNDECLARED_SELECTOR = YES;
				GCC_WARN_UNINITIALIZED_AUTOS = YES_AGGRESSIVE;
				GCC_WARN_UNUSED_FUNCTION = YES;
				GCC_WARN_UNUSED_VARIABLE = YES;
				IPHONEOS_DEPLOYMENT_TARGET = 26.0;
				LOCALIZATION_PREFERS_STRING_CATALOGS = YES;
				MTL_ENABLE_DEBUG_INFO = NO;
				MTL_FAST_MATH = YES;
				SDKROOT = iphoneos;
				SWIFT_COMPILATION_MODE = wholemodule;
				VALIDATE_PRODUCT = YES;
			};
			name = Release;
		};
		47A5DB862EA60BA600DB3F68 /* Debug */ = {
			isa = XCBuildConfiguration;
			buildSettings = {
				ASSETCATALOG_COMPILER_APPICON_NAME = AppIcon;
				ASSETCATALOG_COMPILER_GLOBAL_ACCENT_COLOR_NAME = AccentColor;
				CODE_SIGN_STYLE = Automatic;
				CURRENT_PROJECT_VERSION = 1;
				DEVELOPMENT_TEAM = B46HX4NMBJ;
				ENABLE_PREVIEWS = YES;
				GENERATE_INFOPLIST_FILE = YES;
				INFOPLIST_KEY_UIApplicationSceneManifest_Generation = YES;
				INFOPLIST_KEY_UIApplicationSupportsIndirectInputEvents = YES;
				INFOPLIST_KEY_UILaunchScreen_Generation = YES;
				INFOPLIST_KEY_UISupportedInterfaceOrientations_iPad = "UIInterfaceOrientationPortrait UIInterfaceOrientationPortraitUpsideDown UIInterfaceOrientationLandscapeLeft UIInterfaceOrientationLandscapeRight";
				INFOPLIST_KEY_UISupportedInterfaceOrientations_iPhone = "UIInterfaceOrientationPortrait UIInterfaceOrientationLandscapeLeft UIInterfaceOrientationLandscapeRight";
				LD_RUNPATH_SEARCH_PATHS = (
					"$(inherited)",
					"@executable_path/Frameworks",
				);
				MARKETING_VERSION = 1.0;
				PRODUCT_BUNDLE_IDENTIFIER = com.sara.JournalApp;
				PRODUCT_NAME = "$(TARGET_NAME)";
				STRING_CATALOG_GENERATE_SYMBOLS = YES;
				SWIFT_APPROACHABLE_CONCURRENCY = YES;
				SWIFT_DEFAULT_ACTOR_ISOLATION = MainActor;
				SWIFT_EMIT_LOC_STRINGS = YES;
				SWIFT_UPCOMING_FEATURE_MEMBER_IMPORT_VISIBILITY = YES;
				SWIFT_VERSION = 5.0;
				TARGETED_DEVICE_FAMILY = "1,2";
			};
			name = Debug;
		};
		47A5DB872EA60BA600DB3F68 /* Release */ = {
			isa = XCBuildConfiguration;
			buildSettings = {
				ASSETCATALOG_COMPILER_APPICON_NAME = AppIcon;
				ASSETCATALOG_COMPILER_GLOBAL_ACCENT_COLOR_NAME = AccentColor;
				CODE_SIGN_STYLE = Automatic;
				CURRENT_PROJECT_VERSION = 1;
				DEVELOPMENT_TEAM = B46HX4NMBJ;
				ENABLE_PREVIEWS = YES;
				GENERATE_INFOPLIST_FILE = YES;
				INFOPLIST_KEY_UIApplicationSceneManifest_Generation = YES;
				INFOPLIST_KEY_UIApplicationSupportsIndirectInputEvents = YES;
				INFOPLIST_KEY_UILaunchScreen_Generation = YES;
				INFOPLIST_KEY_UISupportedInterfaceOrientations_iPad = "UIInterfaceOrientationPortrait UIInterfaceOrientationPortraitUpsideDown UIInterfaceOrientationLandscapeLeft UIInterfaceOrientationLandscapeRight";
				INFOPLIST_KEY_UISupportedInterfaceOrientations_iPhone = "UIInterfaceOrientationPortrait UIInterfaceOrientationLandscapeLeft UIInterfaceOrientationLandscapeRight";
				LD_RUNPATH_SEARCH_PATHS = (
					"$(inherited)",
					"@executable_path/Frameworks",
				);
				MARKETING_VERSION = 1.0;
				PRODUCT_BUNDLE_IDENTIFIER = com.sara.JournalApp;
				PRODUCT_NAME = "$(TARGET_NAME)";
				STRING_CATALOG_GENERATE_SYMBOLS = YES;
				SWIFT_APPROACHABLE_CONCURRENCY = YES;
				SWIFT_DEFAULT_ACTOR_ISOLATION = MainActor;
				SWIFT_EMIT_LOC_STRINGS = YES;
				SWIFT_UPCOMING_FEATURE_MEMBER_IMPORT_VISIBILITY = YES;
				SWIFT_VERSION = 5.0;
				TARGETED_DEVICE_FAMILY = "1,2";
			};
			name = Release;
		};
		47A5DB892EA60BA600DB3F68 /* Debug */ = {
			isa = XCBuildConfiguration;
			buildSettings = {
				BUNDLE_LOADER = "$(TEST_HOST)";
				CODE_SIGN_STYLE = Automatic;
				CURRENT_PROJECT_VERSION = 1;
				DEVELOPMENT_TEAM = B46HX4NMBJ;
				GENERATE_INFOPLIST_FILE = YES;
				IPHONEOS_DEPLOYMENT_TARGET = 26.0;
				MARKETING_VERSION = 1.0;
				PRODUCT_BUNDLE_IDENTIFIER = com.sara.JournalAppTests;
				PRODUCT_NAME = "$(TARGET_NAME)";
				STRING_CATALOG_GENERATE_SYMBOLS = NO;
				SWIFT_APPROACHABLE_CONCURRENCY = YES;
				SWIFT_EMIT_LOC_STRINGS = NO;
				SWIFT_UPCOMING_FEATURE_MEMBER_IMPORT_VISIBILITY = YES;
				SWIFT_VERSION = 5.0;
				TARGETED_DEVICE_FAMILY = "1,2";
				TEST_HOST = "$(BUILT_PRODUCTS_DIR)/JournalApp.app/$(BUNDLE_EXECUTABLE_FOLDER_PATH)/JournalApp";
			};
			name = Debug;
		};
		47A5DB8A2EA60BA600DB3F68 /* Release */ = {
			isa = XCBuildConfiguration;
			buildSettings = {
				BUNDLE_LOADER = "$(TEST_HOST)";
				CODE_SIGN_STYLE = Automatic;
				CURRENT_PROJECT_VERSION = 1;
				DEVELOPMENT_TEAM = B46HX4NMBJ;
				GENERATE_INFOPLIST_FILE = YES;
				IPHONEOS_DEPLOYMENT_TARGET = 26.0;
				MARKETING_VERSION = 1.0;
				PRODUCT_BUNDLE_IDENTIFIER = com.sara.JournalAppTests;
				PRODUCT_NAME = "$(TARGET_NAME)";
				STRING_CATALOG_GENERATE_SYMBOLS = NO;
				SWIFT_APPROACHABLE_CONCURRENCY = YES;
				SWIFT_EMIT_LOC_STRINGS = NO;
				SWIFT_UPCOMING_FEATURE_MEMBER_IMPORT_VISIBILITY = YES;
				SWIFT_VERSION = 5.0;
				TARGETED_DEVICE_FAMILY = "1,2";
				TEST_HOST = "$(BUILT_PRODUCTS_DIR)/JournalApp.app/$(BUNDLE_EXECUTABLE_FOLDER_PATH)/JournalApp";
			};
			name = Release;
		};
		47A5DB8C2EA60BA600DB3F68 /* Debug */ = {
			isa = XCBuildConfiguration;
			buildSettings = {
				CODE_SIGN_STYLE = Automatic;
				CURRENT_PROJECT_VERSION = 1;
				DEVELOPMENT_TEAM = B46HX4NMBJ;
				GENERATE_INFOPLIST_FILE = YES;
				MARKETING_VERSION = 1.0;
				PRODUCT_BUNDLE_IDENTIFIER = com.sara.JournalAppUITests;
				PRODUCT_NAME = "$(TARGET_NAME)";
				STRING_CATALOG_GENERATE_SYMBOLS = NO;
				SWIFT_APPROACHABLE_CONCURRENCY = YES;
				SWIFT_EMIT_LOC_STRINGS = NO;
				SWIFT_UPCOMING_FEATURE_MEMBER_IMPORT_VISIBILITY = YES;
				SWIFT_VERSION = 5.0;
				TARGETED_DEVICE_FAMILY = "1,2";
				TEST_TARGET_NAME = JournalApp;
			};
			name = Debug;
		};
		47A5DB8D2EA60BA600DB3F68 /* Release */ = {
			isa = XCBuildConfiguration;
			buildSettings = {
				CODE_SIGN_STYLE = Automatic;
				CURRENT_PROJECT_VERSION = 1;
				DEVELOPMENT_TEAM = B46HX4NMBJ;
				GENERATE_INFOPLIST_FILE = YES;
				MARKETING_VERSION = 1.0;
				PRODUCT_BUNDLE_IDENTIFIER = com.sara.JournalAppUITests;
				PRODUCT_NAME = "$(TARGET_NAME)";
				STRING_CATALOG_GENERATE_SYMBOLS = NO;
				SWIFT_APPROACHABLE_CONCURRENCY = YES;
				SWIFT_EMIT_LOC_STRINGS = NO;
				SWIFT_UPCOMING_FEATURE_MEMBER_IMPORT_VISIBILITY = YES;
				SWIFT_VERSION = 5.0;
				TARGETED_DEVICE_FAMILY = "1,2";
				TEST_TARGET_NAME = JournalApp;
			};
			name = Release;
		};
/* End XCBuildConfiguration section */

/* Begin XCConfigurationList section */
		47A5DB5F2EA60BA600DB3F68 /* Build configuration list for PBXProject "JournalApp" */ = {
			isa = XCConfigurationList;
			buildConfigurations = (
				47A5DB832EA60BA600DB3F68 /* Debug */,
				47A5DB842EA60BA600DB3F68 /* Release */,
			);
			defaultConfigurationIsVisible = 0;
			defaultConfigurationName = Release;
		};
		47A5DB852EA60BA600DB3F68 /* Build configuration list for PBXNativeTarget "JournalApp" */ = {
			isa = XCConfigurationList;
			buildConfigurations = (
				47A5DB862EA60BA600DB3F68 /* Debug */,
				47A5DB872EA60BA600DB3F68 /* Release */,
			);
			defaultConfigurationIsVisible = 0;
			defaultConfigurationName = Release;
		};
		47A5DB882EA60BA600DB3F68 /* Build configuration list for PBXNativeTarget "JournalAppTests" */ = {
			isa = XCConfigurationList;
			buildConfigurations = (
				47A5DB892EA60BA600DB3F68 /* Debug */,
				47A5DB8A2EA60BA600DB3F68 /* Release */,
			);
			defaultConfigurationIsVisible = 0;
			defaultConfigurationName = Release;
		};
		47A5DB8B2EA60BA600DB3F68 /* Build configuration list for PBXNativeTarget "JournalAppUITests" */ = {
			isa = XCConfigurationList;
			buildConfigurations = (
				47A5DB8C2EA60BA600DB3F68 /* Debug */,
				47A5DB8D2EA60BA600DB3F68 /* Release */,
			);
			defaultConfigurationIsVisible = 0;
			defaultConfigurationName = Release;
		};
/* End XCConfigurationList section */
	};
	rootObject = 47A5DB5C2EA60BA600DB3F68 /* Project object */;
}
